{
  "requires": true,
  "lockfileVersion": 1,
  "dependencies": {
    "tcomb": {
      "version": "3.2.24",
      "resolved": "https://registry.npmjs.org/tcomb/-/tcomb-3.2.24.tgz",
      "integrity": "sha512-N9IrL2iIyS/f4+WHYZaMh04ZqDL8yEit9cVdnn+fOuL6jbKo1fusNswHOjSo/kbYwLUKRS1OlQmAkyeNxyEUhA=="
    }
  }
}
